
Microsoft Visual Studio Solution File, Format Version 12.00
# Visual Studio 15
VisualStudioVersion = 15.0.27004.2005
MinimumVisualStudioVersion = 10.0.40219.1
Project("{FAE04EC0-301F-11D3-BF4B-00C04F79EFBC}") = "SinCosKvad", "SinCosKvad\SinCosKvad.csproj", "{11160C64-08BD-4CE1-90E0-901CFDF0E76D}"
EndProject
Global
	GlobalSection(SolutionConfigurationPlatforms) = preSolution
		Debug|Any CPU = Debug|Any CPU
		Release|Any CPU = Release|Any CPU
	EndGlobalSection
	GlobalSection(ProjectConfigurationPlatforms) = postSolution
		{11160C64-08BD-4CE1-90E0-901CFDF0E76D}.Debug|Any CPU.ActiveCfg = Debug|Any CPU
		{11160C64-08BD-4CE1-90E0-901CFDF0E76D}.Debug|Any CPU.Build.0 = Debug|Any CPU
		{11160C64-08BD-4CE1-90E0-901CFDF0E76D}.Release|Any CPU.ActiveCfg = Release|Any CPU
		{11160C64-08BD-4CE1-90E0-901CFDF0E76D}.Release|Any CPU.Build.0 = Release|Any CPU
	EndGlobalSection
	GlobalSection(SolutionProperties) = preSolution
		HideSolutionNode = FALSE
	EndGlobalSection
	GlobalSection(ExtensibilityGlobals) = postSolution
		SolutionGuid = {F6125470-11BA-484E-B2DA-F1683E070CE5}
	EndGlobalSection
EndGlobal
